<?xml version="1.0" encoding="utf-8"?>
<Project ToolsVersion="4.0" xmlns="http://schemas.microsoft.com/developer/msbuild/2003">
  <ItemGroup>
    <Filter Include="Components">
      <UniqueIdentifier>{6f9867cd-0a92-4794-843a-22e4975f2940}</UniqueIdentifier>
    </Filter>
    <Filter Include="Core">
      <UniqueIdentifier>{93995380-89BD-4b04-88EB-625FBE52EBFB}</UniqueIdentifier>
      <Extensions>h;hh;hpp;hxx;h++;hm;inl;inc;ipp;xsd</Extensions>
    </Filter>
  </ItemGroup>
  <ItemGroup>
    <ClCompile Include="..\Minigin\CharacterControllerComponent.cpp">
      <Filter>Components</Filter>
    </ClCompile>
    <ClCompile Include="..\Minigin\CoilyComponent.cpp">
      <Filter>Components</Filter>
    </ClCompile>
    <ClCompile Include="..\Minigin\EndMenuComponent.cpp">
      <Filter>Components</Filter>
    </ClCompile>
    <ClCompile Include="..\Minigin\EnemyManagerComponent.cpp">
      <Filter>Components</Filter>
    </ClCompile>
    <ClCompile Include="..\Minigin\LevelComponent.cpp">
      <Filter>Components</Filter>
    </ClCompile>
    <ClCompile Include="..\Minigin\MainMenuComponent.cpp">
      <Filter>Components</Filter>
    </ClCompile>
    <ClCompile Include="..\Minigin\SlickSamControllerComponent.cpp">
      <Filter>Components</Filter>
    </ClCompile>
    <ClCompile Include="..\Minigin\UggWrongWayComponent.cpp">
      <Filter>Components</Filter>
    </ClCompile>
    <ClCompile Include="QBertGamePCH.cpp">
      <Filter>Core</Filter>
    </ClCompile>
    <ClCompile Include="QBertGame.cpp">
      <Filter>Core</Filter>
    </ClCompile>
    <ClCompile Include="QBert.cpp">
      <Filter>Core</Filter>
    </ClCompile>
  </ItemGroup>
  <ItemGroup>
    <ClInclude Include="QBert.h">
      <Filter>Core</Filter>
    </ClInclude>
    <ClInclude Include="QBertGamePCH.h">
      <Filter>Core</Filter>
    </ClInclude>
    <ClInclude Include="..\Minigin\CharacterControllerComponent.h">
      <Filter>Components</Filter>
    </ClInclude>
    <ClInclude Include="..\Minigin\CoilyComponent.h">
      <Filter>Components</Filter>
    </ClInclude>
    <ClInclude Include="..\Minigin\EndMenuComponent.h">
      <Filter>Components</Filter>
    </ClInclude>
    <ClInclude Include="..\Minigin\EnemyManagerComponent.h">
      <Filter>Components</Filter>
    </ClInclude>
    <ClInclude Include="..\Minigin\LevelComponent.h">
      <Filter>Components</Filter>
    </ClInclude>
    <ClInclude Include="..\Minigin\MainMenuComponent.h">
      <Filter>Components</Filter>
    </ClInclude>
    <ClInclude Include="..\Minigin\SlickSamControllerComponent.h">
      <Filter>Components</Filter>
    </ClInclude>
    <ClInclude Include="..\Minigin\UggWrongWayComponent.h">
      <Filter>Components</Filter>
    </ClInclude>
  </ItemGroup>
</Project>